<?xml version="1.0" encoding="utf-8"?>
<Project ToolsVersion="4.0" xmlns="http://schemas.microsoft.com/developer/msbuild/2003">
  <ItemGroup>
    <Filter Include="Source Files">
      <UniqueIdentifier>{4FC737F1-C7A5-4376-A066-2A32D752A2FF}</UniqueIdentifier>
      <Extensions>cpp;c;cc;cxx;c++;def;odl;idl;hpj;bat;asm;asmx</Extensions>
    </Filter>
    <Filter Include="Header Files">
      <UniqueIdentifier>{93995380-89BD-4b04-88EB-625FBE52EBFB}</UniqueIdentifier>
      <Extensions>h;hh;hpp;hxx;h++;hm;inl;inc;ipp;xsd</Extensions>
    </Filter>
    <Filter Include="Resource Files">
      <UniqueIdentifier>{67DA6AB6-F800-4c08-8B7A-83BB121AAD01}</UniqueIdentifier>
      <Extensions>rc;ico;cur;bmp;dlg;rc2;rct;bin;rgs;gif;jpg;jpeg;jpe;resx;tiff;tif;png;wav;mfcribbon-ms</Extensions>
    </Filter>
    <Filter Include="Header Files\Toolbar">
      <UniqueIdentifier>{7cec2c9d-bc16-4521-b4bd-54e1d57ff47c}</UniqueIdentifier>
    </Filter>
    <Filter Include="Source Files\img">
      <UniqueIdentifier>{c3173c04-49f7-46b4-8c3e-c4ef9dfcb80d}</UniqueIdentifier>
    </Filter>
    <Filter Include="Header Files\Toolbar\Button">
      <UniqueIdentifier>{b2d8e458-fb3c-43e4-af7e-fbf8465767aa}</UniqueIdentifier>
    </Filter>
    <Filter Include="Header Files\Canvas">
      <UniqueIdentifier>{d0f9b340-f5e2-4507-a141-8a5680133c79}</UniqueIdentifier>
    </Filter>
    <Filter Include="Header Files\TemplateMethod">
      <UniqueIdentifier>{91a886d4-6a93-475c-932e-0ba3270f20c6}</UniqueIdentifier>
    </Filter>
    <Filter Include="Header Files\Shapes">
      <UniqueIdentifier>{2b4e762b-95be-48b3-a173-aeec380e58fb}</UniqueIdentifier>
    </Filter>
    <Filter Include="Header Files\SaveStrategy">
      <UniqueIdentifier>{54e5c58f-65c8-49a2-a77c-fb82857abaf6}</UniqueIdentifier>
    </Filter>
    <Filter Include="Header Files\Builder">
      <UniqueIdentifier>{0d378ed3-f34b-4172-b9d1-e33704fd4ed7}</UniqueIdentifier>
    </Filter>
    <Filter Include="Header Files\State">
      <UniqueIdentifier>{1bf0e85e-1356-4590-976f-cf91567ffd94}</UniqueIdentifier>
    </Filter>
    <Filter Include="Header Files\Memento">
      <UniqueIdentifier>{b15eea31-7004-4b6b-a198-93ad07279992}</UniqueIdentifier>
    </Filter>
    <Filter Include="Source Files\Memento">
      <UniqueIdentifier>{0959579b-22f8-4b13-a582-b26181f36d82}</UniqueIdentifier>
    </Filter>
    <Filter Include="Source Files\Canvas">
      <UniqueIdentifier>{14d42039-fcbc-4dfb-a040-d13695d18eca}</UniqueIdentifier>
    </Filter>
    <Filter Include="Source Files\Builder">
      <UniqueIdentifier>{caad0c94-1e2a-4df2-b3ff-1c39a23ba1b4}</UniqueIdentifier>
    </Filter>
    <Filter Include="Source Files\State">
      <UniqueIdentifier>{41ea1552-240e-48b3-ac5a-b3469e000c1d}</UniqueIdentifier>
    </Filter>
    <Filter Include="Source Files\SaveStrategy">
      <UniqueIdentifier>{dc33ec59-4bff-4084-b8fb-a096f763989f}</UniqueIdentifier>
    </Filter>
    <Filter Include="Source Files\Shapes">
      <UniqueIdentifier>{a9448480-3ea0-4607-8d6a-2acf6cd5c0a0}</UniqueIdentifier>
    </Filter>
    <Filter Include="Source Files\TemplateMethod">
      <UniqueIdentifier>{5bbff8bd-08a8-4997-8ce2-74cbbed552d4}</UniqueIdentifier>
    </Filter>
    <Filter Include="Source Files\Toolbar">
      <UniqueIdentifier>{9d5de43b-2cb0-4883-9302-abbae0874385}</UniqueIdentifier>
    </Filter>
    <Filter Include="Source Files\Toolbar\Button">
      <UniqueIdentifier>{2faa3d1e-0be4-4d31-9a1c-05c01e7aabe7}</UniqueIdentifier>
    </Filter>
  </ItemGroup>
  <ItemGroup>
    <ClCompile Include="ShapeReader.cpp">
      <Filter>Source Files</Filter>
    </ClCompile>
    <ClCompile Include="main.cpp">
      <Filter>Source Files</Filter>
    </ClCompile>
    <ClCompile Include="CanvasHistory.cpp">
      <Filter>Source Files\Memento</Filter>
    </ClCompile>
    <ClCompile Include="CanvasMemento.cpp">
      <Filter>Source Files\Memento</Filter>
    </ClCompile>
    <ClCompile Include="Canvas.cpp">
      <Filter>Source Files\Canvas</Filter>
    </ClCompile>
    <ClCompile Include="CircleBuilder.cpp">
      <Filter>Source Files\Builder</Filter>
    </ClCompile>
    <ClCompile Include="RectangleBuilder.cpp">
      <Filter>Source Files\Builder</Filter>
    </ClCompile>
    <ClCompile Include="TriangleBuilder.cpp">
      <Filter>Source Files\Builder</Filter>
    </ClCompile>
    <ClCompile Include="AddCircleState.cpp">
      <Filter>Source Files\State</Filter>
    </ClCompile>
    <ClCompile Include="AddRectangleState.cpp">
      <Filter>Source Files\State</Filter>
    </ClCompile>
    <ClCompile Include="AddTriangleState.cpp">
      <Filter>Source Files\State</Filter>
    </ClCompile>
    <ClCompile Include="ChangeFillColorState.cpp">
      <Filter>Source Files\State</Filter>
    </ClCompile>
    <ClCompile Include="ChangeOutlineColorState.cpp">
      <Filter>Source Files\State</Filter>
    </ClCompile>
    <ClCompile Include="ChangeOutlineThicknessState.cpp">
      <Filter>Source Files\State</Filter>
    </ClCompile>
    <ClCompile Include="DragAndDropState.cpp">
      <Filter>Source Files\State</Filter>
    </ClCompile>
    <ClCompile Include="SaveBinaryStrategy.cpp">
      <Filter>Source Files\SaveStrategy</Filter>
    </ClCompile>
    <ClCompile Include="SaveTxtStrategy.cpp">
      <Filter>Source Files\SaveStrategy</Filter>
    </ClCompile>
    <ClCompile Include="Editor.cpp">
      <Filter>Source Files</Filter>
    </ClCompile>
    <ClCompile Include="Circle.cpp">
      <Filter>Source Files\Shapes</Filter>
    </ClCompile>
    <ClCompile Include="Rectangle.cpp">
      <Filter>Source Files\Shapes</Filter>
    </ClCompile>
    <ClCompile Include="OutlineDecorator.cpp">
      <Filter>Source Files\Shapes</Filter>
    </ClCompile>
    <ClCompile Include="CompoundShape.cpp">
      <Filter>Source Files\Shapes</Filter>
    </ClCompile>
    <ClCompile Include="Triangle.cpp">
      <Filter>Source Files\Shapes</Filter>
    </ClCompile>
    <ClCompile Include="FileShapeReader.cpp">
      <Filter>Source Files\TemplateMethod</Filter>
    </ClCompile>
    <ClCompile Include="BinaryReader.cpp">
      <Filter>Source Files\TemplateMethod</Filter>
    </ClCompile>
    <ClCompile Include="TxtReader.cpp">
      <Filter>Source Files\TemplateMethod</Filter>
    </ClCompile>
    <ClCompile Include="Button.cpp">
      <Filter>Source Files\Toolbar\Button</Filter>
    </ClCompile>
    <ClCompile Include="Toolbar.cpp">
      <Filter>Source Files\Toolbar</Filter>
    </ClCompile>
  </ItemGroup>
  <ItemGroup>
    <ClInclude Include="ShapeReader.h">
      <Filter>Header Files</Filter>
    </ClInclude>
    <ClInclude Include="Toolbar.h">
      <Filter>Header Files\Toolbar</Filter>
    </ClInclude>
    <ClInclude Include="Button.h">
      <Filter>Header Files\Toolbar\Button</Filter>
    </ClInclude>
    <ClInclude Include="ButtonType.h">
      <Filter>Header Files\Toolbar\Button</Filter>
    </ClInclude>
    <ClInclude Include="Color.h">
      <Filter>Header Files</Filter>
    </ClInclude>
    <ClInclude Include="Canvas.h">
      <Filter>Header Files\Canvas</Filter>
    </ClInclude>
    <ClInclude Include="FileShapeReader.h">
      <Filter>Header Files\TemplateMethod</Filter>
    </ClInclude>
    <ClInclude Include="Editor.h">
      <Filter>Header Files</Filter>
    </ClInclude>
    <ClInclude Include="IShape.h">
      <Filter>Header Files\Shapes</Filter>
    </ClInclude>
    <ClInclude Include="CompoundShape.h">
      <Filter>Header Files\Shapes</Filter>
    </ClInclude>
    <ClInclude Include="OutlineDecorator.h">
      <Filter>Header Files\Shapes</Filter>
    </ClInclude>
    <ClInclude Include="Triangle.h">
      <Filter>Header Files\Shapes</Filter>
    </ClInclude>
    <ClInclude Include="Circle.h">
      <Filter>Header Files\Shapes</Filter>
    </ClInclude>
    <ClInclude Include="Rectangle.h">
      <Filter>Header Files\Shapes</Filter>
    </ClInclude>
    <ClInclude Include="BinaryReader.h">
      <Filter>Header Files\TemplateMethod</Filter>
    </ClInclude>
    <ClInclude Include="SaveStrategy.h">
      <Filter>Header Files\SaveStrategy</Filter>
    </ClInclude>
    <ClInclude Include="SaveBinaryStrategy.h">
      <Filter>Header Files\SaveStrategy</Filter>
    </ClInclude>
    <ClInclude Include="SaveTxtStrategy.h">
      <Filter>Header Files\SaveStrategy</Filter>
    </ClInclude>
    <ClInclude Include="Builder.h">
      <Filter>Header Files\Builder</Filter>
    </ClInclude>
    <ClInclude Include="CircleBuilder.h">
      <Filter>Header Files\Builder</Filter>
    </ClInclude>
    <ClInclude Include="RectangleBuilder.h">
      <Filter>Header Files\Builder</Filter>
    </ClInclude>
    <ClInclude Include="TriangleBuilder.h">
      <Filter>Header Files\Builder</Filter>
    </ClInclude>
    <ClInclude Include="TxtReader.h">
      <Filter>Header Files\TemplateMethod</Filter>
    </ClInclude>
    <ClInclude Include="IState.h">
      <Filter>Header Files\State</Filter>
    </ClInclude>
    <ClInclude Include="AddCircleState.h">
      <Filter>Header Files\State</Filter>
    </ClInclude>
    <ClInclude Include="AddRectangleState.h">
      <Filter>Header Files\State</Filter>
    </ClInclude>
    <ClInclude Include="DragAndDropState.h">
      <Filter>Header Files\State</Filter>
    </ClInclude>
    <ClInclude Include="AddTriangleState.h">
      <Filter>Header Files\State</Filter>
    </ClInclude>
    <ClInclude Include="ChangeFillColorState.h">
      <Filter>Header Files\State</Filter>
    </ClInclude>
    <ClInclude Include="ChangeOutlineColorState.h">
      <Filter>Header Files\State</Filter>
    </ClInclude>
    <ClInclude Include="ChangeOutlineThicknessState.h">
      <Filter>Header Files\State</Filter>
    </ClInclude>
    <ClInclude Include="CanvasMemento.h">
      <Filter>Header Files\Memento</Filter>
    </ClInclude>
    <ClInclude Include="CanvasHistory.h">
      <Filter>Header Files\Memento</Filter>
    </ClInclude>
    <ClInclude Include="ICanvas.h">
      <Filter>Header Files\Canvas</Filter>
    </ClInclude>
  </ItemGroup>
  <ItemGroup>
    <Text Include="input.txt" />
    <Text Include="output.txt" />
  </ItemGroup>
  <ItemGroup>
    <Image Include="..\..\..\..\..\DOWNLOADS\circle.png">
      <Filter>Source Files\img</Filter>
    </Image>
  </ItemGroup>
</Project>