<?xml version="1.0" encoding="utf-8"?>
<Project ToolsVersion="4.0" xmlns="http://schemas.microsoft.com/developer/msbuild/2003">
  <ItemGroup>
    <Filter Include="Source Files">
      <UniqueIdentifier>{4FC737F1-C7A5-4376-A066-2A32D752A2FF}</UniqueIdentifier>
      <Extensions>cpp;c;cc;cxx;c++;def;odl;idl;hpj;bat;asm;asmx</Extensions>
    </Filter>
    <Filter Include="Header Files">
      <UniqueIdentifier>{93995380-89BD-4b04-88EB-625FBE52EBFB}</UniqueIdentifier>
      <Extensions>h;hh;hpp;hxx;h++;hm;inl;inc;ipp;xsd</Extensions>
    </Filter>
    <Filter Include="Resource Files">
      <UniqueIdentifier>{67DA6AB6-F800-4c08-8B7A-83BB121AAD01}</UniqueIdentifier>
      <Extensions>rc;ico;cur;bmp;dlg;rc2;rct;bin;rgs;gif;jpg;jpeg;jpe;resx;tiff;tif;png;wav;mfcribbon-ms</Extensions>
    </Filter>
    <Filter Include="Header Files\Toolbar">
      <UniqueIdentifier>{7cec2c9d-bc16-4521-b4bd-54e1d57ff47c}</UniqueIdentifier>
    </Filter>
    <Filter Include="Source Files\img">
      <UniqueIdentifier>{c3173c04-49f7-46b4-8c3e-c4ef9dfcb80d}</UniqueIdentifier>
    </Filter>
    <Filter Include="Header Files\Toolbar\Button">
      <UniqueIdentifier>{b2d8e458-fb3c-43e4-af7e-fbf8465767aa}</UniqueIdentifier>
    </Filter>
    <Filter Include="Header Files\Canvas">
      <UniqueIdentifier>{d0f9b340-f5e2-4507-a141-8a5680133c79}</UniqueIdentifier>
    </Filter>
    <Filter Include="Header Files\TemplateMethod">
      <UniqueIdentifier>{91a886d4-6a93-475c-932e-0ba3270f20c6}</UniqueIdentifier>
    </Filter>
    <Filter Include="Header Files\Shapes">
      <UniqueIdentifier>{2b4e762b-95be-48b3-a173-aeec380e58fb}</UniqueIdentifier>
    </Filter>
    <Filter Include="Header Files\SaveStrategy">
      <UniqueIdentifier>{54e5c58f-65c8-49a2-a77c-fb82857abaf6}</UniqueIdentifier>
    </Filter>
    <Filter Include="Header Files\Builder">
      <UniqueIdentifier>{0d378ed3-f34b-4172-b9d1-e33704fd4ed7}</UniqueIdentifier>
    </Filter>
    <Filter Include="Header Files\State">
      <UniqueIdentifier>{1bf0e85e-1356-4590-976f-cf91567ffd94}</UniqueIdentifier>
    </Filter>
  </ItemGroup>
  <ItemGroup>
    <ClCompile Include="IShape.cpp">
      <Filter>Source Files</Filter>
    </ClCompile>
    <ClCompile Include="Circle.cpp">
      <Filter>Source Files</Filter>
    </ClCompile>
    <ClCompile Include="Rectangle.cpp">
      <Filter>Source Files</Filter>
    </ClCompile>
    <ClCompile Include="OutlineDecorator.cpp">
      <Filter>Source Files</Filter>
    </ClCompile>
    <ClCompile Include="CompoundShape.cpp">
      <Filter>Source Files</Filter>
    </ClCompile>
    <ClCompile Include="Triangle.cpp">
      <Filter>Source Files</Filter>
    </ClCompile>
    <ClCompile Include="ShapeReader.cpp">
      <Filter>Source Files</Filter>
    </ClCompile>
    <ClCompile Include="main.cpp">
      <Filter>Source Files</Filter>
    </ClCompile>
    <ClCompile Include="Application.cpp">
      <Filter>Source Files</Filter>
    </ClCompile>
    <ClCompile Include="FileShapeReader.cpp">
      <Filter>Source Files</Filter>
    </ClCompile>
    <ClCompile Include="Canvas.cpp">
      <Filter>Header Files\Canvas</Filter>
    </ClCompile>
  </ItemGroup>
  <ItemGroup>
    <ClInclude Include="ShapeReader.h">
      <Filter>Header Files</Filter>
    </ClInclude>
    <ClInclude Include="Toolbar.h">
      <Filter>Header Files\Toolbar</Filter>
    </ClInclude>
    <ClInclude Include="Button.h">
      <Filter>Header Files\Toolbar\Button</Filter>
    </ClInclude>
    <ClInclude Include="ButtonType.h">
      <Filter>Header Files\Toolbar\Button</Filter>
    </ClInclude>
    <ClInclude Include="Color.h">
      <Filter>Header Files</Filter>
    </ClInclude>
    <ClInclude Include="Canvas.h">
      <Filter>Header Files\Canvas</Filter>
    </ClInclude>
    <ClInclude Include="FileShapeReader.h">
      <Filter>Header Files\TemplateMethod</Filter>
    </ClInclude>
    <ClInclude Include="Editor.h">
      <Filter>Header Files</Filter>
    </ClInclude>
    <ClInclude Include="IShape.h">
      <Filter>Header Files\Shapes</Filter>
    </ClInclude>
    <ClInclude Include="CompoundShape.h">
      <Filter>Header Files\Shapes</Filter>
    </ClInclude>
    <ClInclude Include="OutlineDecorator.h">
      <Filter>Header Files\Shapes</Filter>
    </ClInclude>
    <ClInclude Include="Triangle.h">
      <Filter>Header Files\Shapes</Filter>
    </ClInclude>
    <ClInclude Include="Circle.h">
      <Filter>Header Files\Shapes</Filter>
    </ClInclude>
    <ClInclude Include="Rectangle.h">
      <Filter>Header Files\Shapes</Filter>
    </ClInclude>
    <ClInclude Include="BinaryReader.h">
      <Filter>Header Files\TemplateMethod</Filter>
    </ClInclude>
    <ClInclude Include="SaveStrategy.h">
      <Filter>Header Files\SaveStrategy</Filter>
    </ClInclude>
    <ClInclude Include="SaveBinaryStrategy.h">
      <Filter>Header Files\SaveStrategy</Filter>
    </ClInclude>
    <ClInclude Include="SaveTxtStrategy.h">
      <Filter>Header Files\SaveStrategy</Filter>
    </ClInclude>
    <ClInclude Include="Builder.h">
      <Filter>Header Files\Builder</Filter>
    </ClInclude>
    <ClInclude Include="CircleBuilder.h">
      <Filter>Header Files\Builder</Filter>
    </ClInclude>
    <ClInclude Include="RectangleBuilder.h">
      <Filter>Header Files\Builder</Filter>
    </ClInclude>
    <ClInclude Include="TriangleBuilder.h">
      <Filter>Header Files\Builder</Filter>
    </ClInclude>
    <ClInclude Include="TxtReader.h">
      <Filter>Header Files\TemplateMethod</Filter>
    </ClInclude>
    <ClInclude Include="IState.h">
      <Filter>Header Files\State</Filter>
    </ClInclude>
    <ClInclude Include="AddCircleState.h">
      <Filter>Header Files\State</Filter>
    </ClInclude>
    <ClInclude Include="AddRectangleState.h">
      <Filter>Header Files\State</Filter>
    </ClInclude>
    <ClInclude Include="DragAndDropState.h">
      <Filter>Header Files\State</Filter>
    </ClInclude>
    <ClInclude Include="ICanvas.h">
      <Filter>Header Files</Filter>
    </ClInclude>
    <ClInclude Include="AddTriangleState.h">
      <Filter>Header Files\State</Filter>
    </ClInclude>
    <ClInclude Include="ChangeFillColorState.h">
      <Filter>Header Files\State</Filter>
    </ClInclude>
    <ClInclude Include="ChangeOutlineColorState.h">
      <Filter>Header Files\State</Filter>
    </ClInclude>
    <ClInclude Include="ChangeOutlineThicknessState.h">
      <Filter>Header Files\State</Filter>
    </ClInclude>
  </ItemGroup>
  <ItemGroup>
    <Text Include="input.txt" />
    <Text Include="output.txt" />
  </ItemGroup>
  <ItemGroup>
    <Image Include="..\..\..\..\..\DOWNLOADS\circle.png">
      <Filter>Source Files\img</Filter>
    </Image>
  </ItemGroup>
</Project>